
Microsoft Visual Studio Solution File, Format Version 12.00
# Visual Studio Version 16
VisualStudioVersion = 16.0.31025.194
MinimumVisualStudioVersion = 10.0.40219.1
Project("{FAE04EC0-301F-11D3-BF4B-00C04F79EFBC}") = "BootStrap_Jquery", "BootStrap_Jquery\BootStrap_Jquery.csproj", "{1BED5F17-6DF6-412E-A6DA-3163D8272D9F}"
EndProject
Global
	GlobalSection(SolutionConfigurationPlatforms) = preSolution
		Debug|Any CPU = Debug|Any CPU
		Release|Any CPU = Release|Any CPU
	EndGlobalSection
	GlobalSection(ProjectConfigurationPlatforms) = postSolution
		{1BED5F17-6DF6-412E-A6DA-3163D8272D9F}.Debug|Any CPU.ActiveCfg = Debug|Any CPU
		{1BED5F17-6DF6-412E-A6DA-3163D8272D9F}.Debug|Any CPU.Build.0 = Debug|Any CPU
		{1BED5F17-6DF6-412E-A6DA-3163D8272D9F}.Release|Any CPU.ActiveCfg = Release|Any CPU
		{1BED5F17-6DF6-412E-A6DA-3163D8272D9F}.Release|Any CPU.Build.0 = Release|Any CPU
	EndGlobalSection
	GlobalSection(SolutionProperties) = preSolution
		HideSolutionNode = FALSE
	EndGlobalSection
	GlobalSection(ExtensibilityGlobals) = postSolution
		SolutionGuid = {CFF49771-D747-4905-AA7C-C0C54EE63EA4}
	EndGlobalSection
EndGlobal
